<?xml version="1.0" encoding="utf-8"?>
<Project ToolsVersion="4.0" xmlns="http://schemas.microsoft.com/developer/msbuild/2003">
  <ItemGroup>
    <Filter Include="Source Files">
      <UniqueIdentifier>{4FC737F1-C7A5-4376-A066-2A32D752A2FF}</UniqueIdentifier>
      <Extensions>cpp;c;cc;cxx;def;odl;idl;hpj;bat;asm;asmx</Extensions>
    </Filter>
    <Filter Include="Header Files">
      <UniqueIdentifier>{93995380-89BD-4b04-88EB-625FBE52EBFB}</UniqueIdentifier>
      <Extensions>h;hh;hpp;hxx;hm;inl;inc;ipp;xsd</Extensions>
    </Filter>
    <Filter Include="Resource Files">
      <UniqueIdentifier>{67DA6AB6-F800-4c08-8B7A-83BB121AAD01}</UniqueIdentifier>
      <Extensions>rc;ico;cur;bmp;dlg;rc2;rct;bin;rgs;gif;jpg;jpeg;jpe;resx;tiff;tif;png;wav;mfcribbon-ms</Extensions>
    </Filter>
  </ItemGroup>
  <ItemGroup>
    <ClCompile Include="main.cpp">
      <Filter>Source Files</Filter>
    </ClCompile>
  </ItemGroup>
  <ItemGroup>
    <ClInclude Include="TwoSum.h">
      <Filter>Header Files</Filter>
    </ClInclude>
    <ClInclude Include="SwapNodesInPairs.h">
      <Filter>Header Files</Filter>
    </ClInclude>
    <ClInclude Include="MergeTwoSortedList.h">
      <Filter>Header Files</Filter>
    </ClInclude>
    <ClInclude Include="ReverseList.h">
      <Filter>Header Files</Filter>
    </ClInclude>
    <ClInclude Include="middleNode.h">
      <Filter>Header Files</Filter>
    </ClInclude>
    <ClInclude Include="NextLargerNodes.h">
      <Filter>Header Files</Filter>
    </ClInclude>
    <ClInclude Include="MaxArea.h">
      <Filter>Header Files</Filter>
    </ClInclude>
    <ClInclude Include="Subsets.h">
      <Filter>Header Files</Filter>
    </ClInclude>
    <ClInclude Include="FlipAndInvertImage.h">
      <Filter>Header Files</Filter>
    </ClInclude>
    <ClInclude Include="MaxAreaOfIsland.h">
      <Filter>Header Files</Filter>
    </ClInclude>
    <ClInclude Include="FindDuplicates.h">
      <Filter>Header Files</Filter>
    </ClInclude>
    <ClInclude Include="CandyCrush.h">
      <Filter>Header Files</Filter>
    </ClInclude>
    <ClInclude Include="ValidParentheses.h">
      <Filter>Header Files</Filter>
    </ClInclude>
    <ClInclude Include="DecodeString.h">
      <Filter>Header Files</Filter>
    </ClInclude>
    <ClInclude Include="BestTimeToBuyAndSellStock.h">
      <Filter>Header Files</Filter>
    </ClInclude>
    <ClInclude Include="MovingAverage.h">
      <Filter>Header Files</Filter>
    </ClInclude>
    <ClInclude Include="FirstUniqChar.h">
      <Filter>Header Files</Filter>
    </ClInclude>
    <ClInclude Include="ValidBST.h">
      <Filter>Header Files</Filter>
    </ClInclude>
    <ClInclude Include="KillProcess.h">
      <Filter>Header Files</Filter>
    </ClInclude>
    <ClInclude Include="MinStack.h">
      <Filter>Header Files</Filter>
    </ClInclude>
    <ClInclude Include="CopyListWithRandomPtr.h">
      <Filter>Header Files</Filter>
    </ClInclude>
    <ClInclude Include="EvaluateDivision.h">
      <Filter>Header Files</Filter>
    </ClInclude>
    <ClInclude Include="LRUCache.h">
      <Filter>Header Files</Filter>
    </ClInclude>
    <ClInclude Include="RectOverlap.h">
      <Filter>Header Files</Filter>
    </ClInclude>
    <ClInclude Include="BloombergMock1.h">
      <Filter>Header Files</Filter>
    </ClInclude>
    <ClInclude Include="ConstructBTFromPreorderAndInorder.h">
      <Filter>Header Files</Filter>
    </ClInclude>
    <ClInclude Include="PopulatingRightPtrsI.h">
      <Filter>Header Files</Filter>
    </ClInclude>
    <ClInclude Include="DataStruct.h">
      <Filter>Header Files</Filter>
    </ClInclude>
    <ClInclude Include="PopulatingRightPtrsII.h">
      <Filter>Header Files</Filter>
    </ClInclude>
  </ItemGroup>
</Project>