<?xml version="1.0" encoding="utf-8"?>
<Project ToolsVersion="4.0" xmlns="http://schemas.microsoft.com/developer/msbuild/2003">
  <ItemGroup>
    <ClInclude Include="header\1-TwoSum.h" />
    <ClInclude Include="header\56-MergeIntervals.h" />
    <ClInclude Include="header\102-BTLevelOrderTrav.h" />
    <ClInclude Include="header\285-InorderSuccessorInBST.h" />
    <ClInclude Include="header\298_549-BTLongestConsecutive.h" />
    <ClInclude Include="header\408-ValidWordAbbr.h" />
    <ClInclude Include="header\422-ValidWordSquare.h" />
    <ClInclude Include="header\582-KillProcess.h" />
    <ClInclude Include="header\604-DesignCompressedStrIterator.h" />
    <ClInclude Include="header\724-FindPivotIndex.h" />
    <ClInclude Include="header\766-ToeplitzMatrix.h" />
    <ClInclude Include="header\939-MinAreaOfRect.h" />
    <ClInclude Include="header\993-CousinsInBT.h" />
    <ClInclude Include="header\1057-CampusBike.h" />
    <ClInclude Include="header\Add2Numbers.h" />
    <ClInclude Include="header\AkunaC++.h" />
    <ClInclude Include="header\BackSpaceCompare.h" />
    <ClInclude Include="header\BestTimeToBuyAndSellStock.h" />
    <ClInclude Include="header\BloombergMock1.h" />
    <ClInclude Include="header\BTZigZagTraversal.h" />
    <ClInclude Include="header\CandyCrush.h" />
    <ClInclude Include="header\ConstructBTFromPreorderAndInorder.h" />
    <ClInclude Include="header\CopyListWithRandomPtr.h" />
    <ClInclude Include="header\CountBtNodes.h" />
    <ClInclude Include="header\DecodeString.h" />
    <ClInclude Include="header\EvaluateDivision.h" />
    <ClInclude Include="header\FindDuplicates.h" />
    <ClInclude Include="header\FirstUniqChar.h" />
    <ClInclude Include="header\FlipAndInvertImage.h" />
    <ClInclude Include="header\HappyNumber.h" />
    <ClInclude Include="header\IslandProblems.h" />
    <ClInclude Include="header\KClosestPointToOrigin.h" />
    <ClInclude Include="header\LinkedListCycle.h" />
    <ClInclude Include="header\LongestPalindrome.h" />
    <ClInclude Include="header\LRUCache.h" />
    <ClInclude Include="header\MaxArea.h" />
    <ClInclude Include="header\MaxDepthBT.h" />
    <ClInclude Include="header\MaxmiumSubarray.h" />
    <ClInclude Include="header\MeetingRoomI.h" />
    <ClInclude Include="header\MeetingRoomII.h" />
    <ClInclude Include="header\MergeTwoSortedList.h" />
    <ClInclude Include="header\middleNode.h" />
    <ClInclude Include="header\MinStack.h" />
    <ClInclude Include="header\MovingAverage.h" />
    <ClInclude Include="header\NextLargerNodes.h" />
    <ClInclude Include="header\PopulatingRightPtrsI.h" />
    <ClInclude Include="header\PopulatingRightPtrsII.h" />
    <ClInclude Include="header\RectOverlap.h" />
    <ClInclude Include="header\ReverseList.h" />
    <ClInclude Include="header\SortCharByFrequency.h" />
    <ClInclude Include="header\SortedArrayToBST.h" />
    <ClInclude Include="header\Subsets.h" />
    <ClInclude Include="header\SwapNodesInPairs.h" />
    <ClInclude Include="header\test.h" />
    <ClInclude Include="header\TopKFreqWords.h" />
    <ClInclude Include="header\UniqueEmailAddr.h" />
    <ClInclude Include="header\utils.h" />
    <ClInclude Include="header\ValidAnagram.h" />
    <ClInclude Include="header\ValidBST.h" />
    <ClInclude Include="header\ValidParentheses.h" />
    <ClInclude Include="header\204-countPrimes.h" />
  </ItemGroup>
  <ItemGroup>
    <ClCompile Include="source\main.cpp" />
  </ItemGroup>
</Project>